
Microsoft Visual Studio Solution File, Format Version 12.00
# Visual Studio Version 17
VisualStudioVersion = 17.8.34525.116
MinimumVisualStudioVersion = 10.0.40219.1
Project("{9A19103F-16F7-4668-BE54-9A1E7A4F7556}") = "WebAPI", "WebAPI\WebAPI.csproj", "{22518D39-D9B2-4F15-8A3F-4209C07FE8FA}"
EndProject
Project("{FAE04EC0-301F-11D3-BF4B-00C04F79EFBC}") = "Core", "Core\Core.csproj", "{3C79AA26-00EB-4D4F-AB86-D9A61314A123}"
EndProject
Project("{FAE04EC0-301F-11D3-BF4B-00C04F79EFBC}") = "Infrastructure", "Infrastructure\Infrastructure.csproj", "{A754D4E0-703B-4BA8-89F5-99CDCAB350C0}"
EndProject
Project("{E53339B2-1760-4266-BCC7-CA923CBCF16C}") = "docker-compose", "docker-compose.dcproj", "{F2DDBF34-805A-4A5B-AC2B-6F4481D922C2}"
EndProject
Project("{FAE04EC0-301F-11D3-BF4B-00C04F79EFBC}") = "Application", "Application\Application.csproj", "{73611A39-9AAE-4F96-8E7B-2CF59DBBBD02}"
EndProject
Project("{FAE04EC0-301F-11D3-BF4B-00C04F79EFBC}") = "Application.Tests", "Application.Tests\Application.Tests.csproj", "{3D56073D-49AD-420E-9AAF-E3A83C41C9AE}"
EndProject
Project("{FAE04EC0-301F-11D3-BF4B-00C04F79EFBC}") = "Infrastructure.Tests", "Infrastructure.Tests\Infrastructure.Tests.csproj", "{7F6BD079-A8B3-44C9-AC15-AF30609AF3C3}"
EndProject
Global
	GlobalSection(SolutionConfigurationPlatforms) = preSolution
		Debug|Any CPU = Debug|Any CPU
		Release|Any CPU = Release|Any CPU
	EndGlobalSection
	GlobalSection(ProjectConfigurationPlatforms) = postSolution
		{22518D39-D9B2-4F15-8A3F-4209C07FE8FA}.Debug|Any CPU.ActiveCfg = Debug|Any CPU
		{22518D39-D9B2-4F15-8A3F-4209C07FE8FA}.Debug|Any CPU.Build.0 = Debug|Any CPU
		{22518D39-D9B2-4F15-8A3F-4209C07FE8FA}.Release|Any CPU.ActiveCfg = Release|Any CPU
		{22518D39-D9B2-4F15-8A3F-4209C07FE8FA}.Release|Any CPU.Build.0 = Release|Any CPU
		{3C79AA26-00EB-4D4F-AB86-D9A61314A123}.Debug|Any CPU.ActiveCfg = Debug|Any CPU
		{3C79AA26-00EB-4D4F-AB86-D9A61314A123}.Debug|Any CPU.Build.0 = Debug|Any CPU
		{3C79AA26-00EB-4D4F-AB86-D9A61314A123}.Release|Any CPU.ActiveCfg = Release|Any CPU
		{3C79AA26-00EB-4D4F-AB86-D9A61314A123}.Release|Any CPU.Build.0 = Release|Any CPU
		{A754D4E0-703B-4BA8-89F5-99CDCAB350C0}.Debug|Any CPU.ActiveCfg = Debug|Any CPU
		{A754D4E0-703B-4BA8-89F5-99CDCAB350C0}.Debug|Any CPU.Build.0 = Debug|Any CPU
		{A754D4E0-703B-4BA8-89F5-99CDCAB350C0}.Release|Any CPU.ActiveCfg = Release|Any CPU
		{A754D4E0-703B-4BA8-89F5-99CDCAB350C0}.Release|Any CPU.Build.0 = Release|Any CPU
		{F2DDBF34-805A-4A5B-AC2B-6F4481D922C2}.Debug|Any CPU.ActiveCfg = Debug|Any CPU
		{F2DDBF34-805A-4A5B-AC2B-6F4481D922C2}.Debug|Any CPU.Build.0 = Debug|Any CPU
		{F2DDBF34-805A-4A5B-AC2B-6F4481D922C2}.Release|Any CPU.ActiveCfg = Release|Any CPU
		{F2DDBF34-805A-4A5B-AC2B-6F4481D922C2}.Release|Any CPU.Build.0 = Release|Any CPU
		{73611A39-9AAE-4F96-8E7B-2CF59DBBBD02}.Debug|Any CPU.ActiveCfg = Debug|Any CPU
		{73611A39-9AAE-4F96-8E7B-2CF59DBBBD02}.Debug|Any CPU.Build.0 = Debug|Any CPU
		{73611A39-9AAE-4F96-8E7B-2CF59DBBBD02}.Release|Any CPU.ActiveCfg = Release|Any CPU
		{73611A39-9AAE-4F96-8E7B-2CF59DBBBD02}.Release|Any CPU.Build.0 = Release|Any CPU
		{3D56073D-49AD-420E-9AAF-E3A83C41C9AE}.Debug|Any CPU.ActiveCfg = Debug|Any CPU
		{3D56073D-49AD-420E-9AAF-E3A83C41C9AE}.Debug|Any CPU.Build.0 = Debug|Any CPU
		{3D56073D-49AD-420E-9AAF-E3A83C41C9AE}.Release|Any CPU.ActiveCfg = Release|Any CPU
		{3D56073D-49AD-420E-9AAF-E3A83C41C9AE}.Release|Any CPU.Build.0 = Release|Any CPU
		{7F6BD079-A8B3-44C9-AC15-AF30609AF3C3}.Debug|Any CPU.ActiveCfg = Debug|Any CPU
		{7F6BD079-A8B3-44C9-AC15-AF30609AF3C3}.Debug|Any CPU.Build.0 = Debug|Any CPU
		{7F6BD079-A8B3-44C9-AC15-AF30609AF3C3}.Release|Any CPU.ActiveCfg = Release|Any CPU
		{7F6BD079-A8B3-44C9-AC15-AF30609AF3C3}.Release|Any CPU.Build.0 = Release|Any CPU
	EndGlobalSection
	GlobalSection(SolutionProperties) = preSolution
		HideSolutionNode = FALSE
	EndGlobalSection
	GlobalSection(ExtensibilityGlobals) = postSolution
		SolutionGuid = {C8349A3E-BA48-41A9-BA9D-25FD21E320B7}
	EndGlobalSection
EndGlobal
